
Microsoft Visual Studio Solution File, Format Version 12.00
# Visual Studio Version 16
VisualStudioVersion = 16.0.32106.194
MinimumVisualStudioVersion = 10.0.40219.1
Project("{FAE04EC0-301F-11D3-BF4B-00C04F79EFBC}") = "CodeCampTest", "CodeCampTest\CodeCampTest.csproj", "{EFD95C9B-C933-431A-8346-D05ED19970DB}"
EndProject
Global
	GlobalSection(SolutionConfigurationPlatforms) = preSolution
		Debug|Any CPU = Debug|Any CPU
		Release|Any CPU = Release|Any CPU
	EndGlobalSection
	GlobalSection(ProjectConfigurationPlatforms) = postSolution
		{EFD95C9B-C933-431A-8346-D05ED19970DB}.Debug|Any CPU.ActiveCfg = Debug|Any CPU
		{EFD95C9B-C933-431A-8346-D05ED19970DB}.Debug|Any CPU.Build.0 = Debug|Any CPU
		{EFD95C9B-C933-431A-8346-D05ED19970DB}.Release|Any CPU.ActiveCfg = Release|Any CPU
		{EFD95C9B-C933-431A-8346-D05ED19970DB}.Release|Any CPU.Build.0 = Release|Any CPU
	EndGlobalSection
	GlobalSection(SolutionProperties) = preSolution
		HideSolutionNode = FALSE
	EndGlobalSection
	GlobalSection(ExtensibilityGlobals) = postSolution
		SolutionGuid = {BBC2E7B7-E437-4FAA-A82A-6C3CBF680531}
	EndGlobalSection
EndGlobal
